
Microsoft Visual Studio Solution File, Format Version 12.00
# Visual Studio Version 17
VisualStudioVersion = 17.14.36401.2 d17.14
MinimumVisualStudioVersion = 10.0.40219.1
Project("{FAE04EC0-301F-11D3-BF4B-00C04F79EFBC}") = "soma_inteiros_01", "soma_inteiros_01\soma_inteiros_01.csproj", "{B5726AFE-BD5B-41E0-BDF4-13CE3A559B52}"
EndProject
Global
	GlobalSection(SolutionConfigurationPlatforms) = preSolution
		Debug|Any CPU = Debug|Any CPU
		Release|Any CPU = Release|Any CPU
	EndGlobalSection
	GlobalSection(ProjectConfigurationPlatforms) = postSolution
		{B5726AFE-BD5B-41E0-BDF4-13CE3A559B52}.Debug|Any CPU.ActiveCfg = Debug|Any CPU
		{B5726AFE-BD5B-41E0-BDF4-13CE3A559B52}.Debug|Any CPU.Build.0 = Debug|Any CPU
		{B5726AFE-BD5B-41E0-BDF4-13CE3A559B52}.Release|Any CPU.ActiveCfg = Release|Any CPU
		{B5726AFE-BD5B-41E0-BDF4-13CE3A559B52}.Release|Any CPU.Build.0 = Release|Any CPU
	EndGlobalSection
	GlobalSection(SolutionProperties) = preSolution
		HideSolutionNode = FALSE
	EndGlobalSection
	GlobalSection(ExtensibilityGlobals) = postSolution
		SolutionGuid = {874A6A35-7716-4DC0-856F-96CA1C2D6316}
	EndGlobalSection
EndGlobal
