
Microsoft Visual Studio Solution File, Format Version 12.00
# Visual Studio Version 17
VisualStudioVersion = 17.14.36401.2 d17.14
MinimumVisualStudioVersion = 10.0.40219.1
Project("{FAE04EC0-301F-11D3-BF4B-00C04F79EFBC}") = "shap_volume", "shap_volume\shap_volume.csproj", "{8676EB2C-5444-4BAF-AAD8-B9D53B696EA3}"
EndProject
Global
	GlobalSection(SolutionConfigurationPlatforms) = preSolution
		Debug|Any CPU = Debug|Any CPU
		Release|Any CPU = Release|Any CPU
	EndGlobalSection
	GlobalSection(ProjectConfigurationPlatforms) = postSolution
		{8676EB2C-5444-4BAF-AAD8-B9D53B696EA3}.Debug|Any CPU.ActiveCfg = Debug|Any CPU
		{8676EB2C-5444-4BAF-AAD8-B9D53B696EA3}.Debug|Any CPU.Build.0 = Debug|Any CPU
		{8676EB2C-5444-4BAF-AAD8-B9D53B696EA3}.Release|Any CPU.ActiveCfg = Release|Any CPU
		{8676EB2C-5444-4BAF-AAD8-B9D53B696EA3}.Release|Any CPU.Build.0 = Release|Any CPU
	EndGlobalSection
	GlobalSection(SolutionProperties) = preSolution
		HideSolutionNode = FALSE
	EndGlobalSection
	GlobalSection(ExtensibilityGlobals) = postSolution
		SolutionGuid = {5FFDF7B4-DD0A-43BC-B6A3-AE833A519E1D}
	EndGlobalSection
EndGlobal
